
Microsoft Visual Studio Solution File, Format Version 12.00
# Visual Studio Version 17
VisualStudioVersion = 17.11.35303.130
MinimumVisualStudioVersion = 10.0.40219.1
Project("{FAE04EC0-301F-11D3-BF4B-00C04F79EFBC}") = "Daneshkar_BC1403_S2_P3", "Daneshkar_BC1403_S2_P3.csproj", "{26DDE8AF-6F65-4455-85DF-A6A0C8AD56C4}"
EndProject
Global
	GlobalSection(SolutionConfigurationPlatforms) = preSolution
		Debug|Any CPU = Debug|Any CPU
		Release|Any CPU = Release|Any CPU
	EndGlobalSection
	GlobalSection(ProjectConfigurationPlatforms) = postSolution
		{26DDE8AF-6F65-4455-85DF-A6A0C8AD56C4}.Debug|Any CPU.ActiveCfg = Debug|Any CPU
		{26DDE8AF-6F65-4455-85DF-A6A0C8AD56C4}.Debug|Any CPU.Build.0 = Debug|Any CPU
		{26DDE8AF-6F65-4455-85DF-A6A0C8AD56C4}.Release|Any CPU.ActiveCfg = Release|Any CPU
		{26DDE8AF-6F65-4455-85DF-A6A0C8AD56C4}.Release|Any CPU.Build.0 = Release|Any CPU
	EndGlobalSection
	GlobalSection(SolutionProperties) = preSolution
		HideSolutionNode = FALSE
	EndGlobalSection
	GlobalSection(ExtensibilityGlobals) = postSolution
		SolutionGuid = {822B535C-9C38-410A-AC70-2064F4219D35}
	EndGlobalSection
EndGlobal
