
Microsoft Visual Studio Solution File, Format Version 12.00
# Visual Studio Version 17
VisualStudioVersion = 17.11.35303.130
MinimumVisualStudioVersion = 10.0.40219.1
Project("{FAE04EC0-301F-11D3-BF4B-00C04F79EFBC}") = "Daneshkar_BC1403_S2_P8", "Daneshkar_BC1403_S2_P8.csproj", "{CE35E77D-4554-48F0-B222-28D39112548A}"
EndProject
Global
	GlobalSection(SolutionConfigurationPlatforms) = preSolution
		Debug|Any CPU = Debug|Any CPU
		Release|Any CPU = Release|Any CPU
	EndGlobalSection
	GlobalSection(ProjectConfigurationPlatforms) = postSolution
		{CE35E77D-4554-48F0-B222-28D39112548A}.Debug|Any CPU.ActiveCfg = Debug|Any CPU
		{CE35E77D-4554-48F0-B222-28D39112548A}.Debug|Any CPU.Build.0 = Debug|Any CPU
		{CE35E77D-4554-48F0-B222-28D39112548A}.Release|Any CPU.ActiveCfg = Release|Any CPU
		{CE35E77D-4554-48F0-B222-28D39112548A}.Release|Any CPU.Build.0 = Release|Any CPU
	EndGlobalSection
	GlobalSection(SolutionProperties) = preSolution
		HideSolutionNode = FALSE
	EndGlobalSection
	GlobalSection(ExtensibilityGlobals) = postSolution
		SolutionGuid = {73056672-B059-4314-9603-DEB5EF5D2B48}
	EndGlobalSection
EndGlobal
